
Microsoft Visual Studio Solution File, Format Version 12.00
# Visual Studio Version 16
VisualStudioVersion = 16.0.29519.181
MinimumVisualStudioVersion = 10.0.40219.1
Project("{FAE04EC0-301F-11D3-BF4B-00C04F79EFBC}") = "PTesteClasses", "PTesteClasses\PTesteClasses.csproj", "{BE24706C-FA33-4878-AA5F-ABCF17DCD64D}"
EndProject
Global
	GlobalSection(SolutionConfigurationPlatforms) = preSolution
		Debug|Any CPU = Debug|Any CPU
		Release|Any CPU = Release|Any CPU
	EndGlobalSection
	GlobalSection(ProjectConfigurationPlatforms) = postSolution
		{BE24706C-FA33-4878-AA5F-ABCF17DCD64D}.Debug|Any CPU.ActiveCfg = Debug|Any CPU
		{BE24706C-FA33-4878-AA5F-ABCF17DCD64D}.Debug|Any CPU.Build.0 = Debug|Any CPU
		{BE24706C-FA33-4878-AA5F-ABCF17DCD64D}.Release|Any CPU.ActiveCfg = Release|Any CPU
		{BE24706C-FA33-4878-AA5F-ABCF17DCD64D}.Release|Any CPU.Build.0 = Release|Any CPU
	EndGlobalSection
	GlobalSection(SolutionProperties) = preSolution
		HideSolutionNode = FALSE
	EndGlobalSection
	GlobalSection(ExtensibilityGlobals) = postSolution
		SolutionGuid = {D234E014-A35D-4C3B-B38D-57280BFB7CA9}
	EndGlobalSection
EndGlobal
